
Microsoft Visual Studio Solution File, Format Version 11.00
# Visual Studio 2010
Project("{FAE04EC0-301F-11D3-BF4B-00C04F79EFBC}") = "Unity.VisualScripting.Flow", "Unity.VisualScripting.Flow.csproj", "{e20ce005-3ae2-4a8d-e1e3-7909aaa9ee4c}"
EndProject
Project("{FAE04EC0-301F-11D3-BF4B-00C04F79EFBC}") = "Unity.ProBuilder", "Unity.ProBuilder.csproj", "{010fe756-ae0e-c7ce-0505-0c43968a81e6}"
EndProject
Project("{FAE04EC0-301F-11D3-BF4B-00C04F79EFBC}") = "Unity.Mathematics", "Unity.Mathematics.csproj", "{cdcd5027-3d7e-7a0c-747c-fdeddb436b12}"
EndProject
Project("{FAE04EC0-301F-11D3-BF4B-00C04F79EFBC}") = "Unity.VisualScripting.Core.Editor", "Unity.VisualScripting.Core.Editor.csproj", "{8ce7269f-1926-6999-65f3-d82b89af24e6}"
EndProject
Project("{FAE04EC0-301F-11D3-BF4B-00C04F79EFBC}") = "Unity.Collections", "Unity.Collections.csproj", "{abe09a86-33b5-79ee-da8b-58a742d024ca}"
EndProject
Project("{FAE04EC0-301F-11D3-BF4B-00C04F79EFBC}") = "Unity.ProBuilder.Poly2Tri", "Unity.ProBuilder.Poly2Tri.csproj", "{51ac7ff3-935d-d317-af5b-8977c20fa1be}"
EndProject
Project("{FAE04EC0-301F-11D3-BF4B-00C04F79EFBC}") = "Unity.PerformanceTesting.Editor", "Unity.PerformanceTesting.Editor.csproj", "{f40d6d7e-3c07-5386-6ba7-cde49ebe661c}"
EndProject
Project("{FAE04EC0-301F-11D3-BF4B-00C04F79EFBC}") = "Unity.VisualScripting.Core", "Unity.VisualScripting.Core.csproj", "{d8e1cfa3-9a32-5b6b-e269-9c947d29f98b}"
EndProject
Project("{FAE04EC0-301F-11D3-BF4B-00C04F79EFBC}") = "Unity.VisualScripting.Flow.Editor", "Unity.VisualScripting.Flow.Editor.csproj", "{2e97bb94-6cc4-2262-fcca-fd7068c3d3f9}"
EndProject
Project("{FAE04EC0-301F-11D3-BF4B-00C04F79EFBC}") = "Unity.Searcher.Editor", "Unity.Searcher.Editor.csproj", "{047da358-10e0-3a1c-902d-303a242b4e32}"
EndProject
Project("{FAE04EC0-301F-11D3-BF4B-00C04F79EFBC}") = "Unity.Burst", "Unity.Burst.csproj", "{297e647a-713c-524f-99f8-a7a07d342c3f}"
EndProject
Project("{FAE04EC0-301F-11D3-BF4B-00C04F79EFBC}") = "Unity.ProBuilder.Csg", "Unity.ProBuilder.Csg.csproj", "{e0140633-1586-7239-7040-892580653533}"
EndProject
Project("{FAE04EC0-301F-11D3-BF4B-00C04F79EFBC}") = "Unity.VisualStudio.Editor", "Unity.VisualStudio.Editor.csproj", "{1e7cdaa0-360d-605d-1ed3-2269109d309b}"
EndProject
Project("{FAE04EC0-301F-11D3-BF4B-00C04F79EFBC}") = "Unity.Rider.Editor", "Unity.Rider.Editor.csproj", "{8be4a323-85ae-763c-8d6d-15d8eaa90d01}"
EndProject
Project("{FAE04EC0-301F-11D3-BF4B-00C04F79EFBC}") = "Unity.ProBuilder.Editor", "Unity.ProBuilder.Editor.csproj", "{879a3d54-5e93-58d5-c338-223c8687feca}"
EndProject
Project("{FAE04EC0-301F-11D3-BF4B-00C04F79EFBC}") = "Unity.VisualScripting.State.Editor", "Unity.VisualScripting.State.Editor.csproj", "{06dfb1ae-0269-baaa-93e0-0d79a510bfa2}"
EndProject
Project("{FAE04EC0-301F-11D3-BF4B-00C04F79EFBC}") = "Unity.Burst.CodeGen", "Unity.Burst.CodeGen.csproj", "{978467c4-2e61-31b6-9a9e-16d161a7b062}"
EndProject
Project("{FAE04EC0-301F-11D3-BF4B-00C04F79EFBC}") = "Unity.PerformanceTesting", "Unity.PerformanceTesting.csproj", "{ecd373fe-efad-71b0-5445-e93c0f57d262}"
EndProject
Project("{FAE04EC0-301F-11D3-BF4B-00C04F79EFBC}") = "Unity.VisualScripting.State", "Unity.VisualScripting.State.csproj", "{daa793b6-6b78-b3a0-2cfe-fbe599ad7dff}"
EndProject
Project("{FAE04EC0-301F-11D3-BF4B-00C04F79EFBC}") = "Unity.VisualScripting.SettingsProvider.Editor", "Unity.VisualScripting.SettingsProvider.Editor.csproj", "{7d6573cd-57e7-96f8-eb10-67efbf76199f}"
EndProject
Project("{FAE04EC0-301F-11D3-BF4B-00C04F79EFBC}") = "Unity.Burst.Editor", "Unity.Burst.Editor.csproj", "{54d982cf-5a1a-dee3-3ed0-beb3662707f2}"
EndProject
Project("{FAE04EC0-301F-11D3-BF4B-00C04F79EFBC}") = "Unity.ProBuilder.Stl", "Unity.ProBuilder.Stl.csproj", "{8396c610-8c22-fb4f-47c5-309afb72611f}"
EndProject
Project("{FAE04EC0-301F-11D3-BF4B-00C04F79EFBC}") = "Unity.Settings.Editor", "Unity.Settings.Editor.csproj", "{a5b5aff5-c8f3-9f39-0fe2-f210bfabc7b8}"
EndProject
Project("{FAE04EC0-301F-11D3-BF4B-00C04F79EFBC}") = "Assembly-CSharp", "Assembly-CSharp.csproj", "{2fc584a1-4660-74b3-c409-5674df2cc073}"
EndProject
Project("{FAE04EC0-301F-11D3-BF4B-00C04F79EFBC}") = "Unity.ProBuilder.KdTree", "Unity.ProBuilder.KdTree.csproj", "{54fc49c8-c2a0-d8c9-9388-e4636a1d13ee}"
EndProject
Project("{FAE04EC0-301F-11D3-BF4B-00C04F79EFBC}") = "Unity.ProBuilder.AddOns.Editor", "Unity.ProBuilder.AddOns.Editor.csproj", "{3d160492-e457-7bf5-3397-04667143f49a}"
EndProject
Project("{FAE04EC0-301F-11D3-BF4B-00C04F79EFBC}") = "Unity.Collections.CodeGen", "Unity.Collections.CodeGen.csproj", "{c12eef37-91e1-3919-0d30-81b65710f18b}"
EndProject
Project("{FAE04EC0-301F-11D3-BF4B-00C04F79EFBC}") = "Unity.Mathematics.Editor", "Unity.Mathematics.Editor.csproj", "{087cbe57-ef1e-79dd-1edb-9e210989b880}"
EndProject
Project("{FAE04EC0-301F-11D3-BF4B-00C04F79EFBC}") = "Unity.ProBuilder.AssetIdRemapUtility", "Unity.ProBuilder.AssetIdRemapUtility.csproj", "{052b0d63-2d9b-bf05-f28c-e74d6fbb6f35}"
EndProject
Project("{FAE04EC0-301F-11D3-BF4B-00C04F79EFBC}") = "Unity.VisualScripting.DocCodeExamples", "Unity.VisualScripting.DocCodeExamples.csproj", "{edc35afe-beac-343b-7a67-75f720a63e10}"
EndProject
Project("{FAE04EC0-301F-11D3-BF4B-00C04F79EFBC}") = "Unity.VisualScripting.Shared.Editor", "Unity.VisualScripting.Shared.Editor.csproj", "{7144ea14-c765-4836-1dc3-610aba956ef1}"
EndProject
Project("{FAE04EC0-301F-11D3-BF4B-00C04F79EFBC}") = "Unity.Collections.Editor", "Unity.Collections.Editor.csproj", "{d6b97d2e-fb4a-00b4-4ddf-0e0764f833b4}"
EndProject
Project("{FAE04EC0-301F-11D3-BF4B-00C04F79EFBC}") = "Unity.Mathematics.Tests", "Unity.Mathematics.Tests.csproj", "{5f6dc1e4-e6dd-ce17-3f56-7a0372218dc0}"
EndProject
Project("{FAE04EC0-301F-11D3-BF4B-00C04F79EFBC}") = "Unity.Collections.Tests", "Unity.Collections.Tests.csproj", "{84b61be0-1f72-8e43-6b48-5d24ac6e3ec7}"
EndProject
Project("{FAE04EC0-301F-11D3-BF4B-00C04F79EFBC}") = "Unity.Collections.DocCodeSamples", "Unity.Collections.DocCodeSamples.csproj", "{345ebd29-45d9-2250-204d-613c0bbf84de}"
EndProject
Project("{FAE04EC0-301F-11D3-BF4B-00C04F79EFBC}") = "Unity.Searcher.EditorTests", "Unity.Searcher.EditorTests.csproj", "{bc102737-9998-bcc4-660f-32e2406995fe}"
EndProject
Project("{FAE04EC0-301F-11D3-BF4B-00C04F79EFBC}") = "Unity.Collections.PerformanceTests", "Unity.Collections.PerformanceTests.csproj", "{cf302ae4-5b96-7975-71f2-c23a5deddc0d}"
EndProject
Project("{FAE04EC0-301F-11D3-BF4B-00C04F79EFBC}") = "Unity.Settings.Tests", "Unity.Settings.Tests.csproj", "{80a6ee26-b00d-df26-f6b0-ae868a342744}"
EndProject
Project("{FAE04EC0-301F-11D3-BF4B-00C04F79EFBC}") = "Unity.Collections.Tests.Playmode", "Unity.Collections.Tests.Playmode.csproj", "{843be038-27f9-33dd-00ae-c0adc39f0a6c}"
EndProject
Project("{FAE04EC0-301F-11D3-BF4B-00C04F79EFBC}") = "Unity.Nuget.Mono-Cecil", "Unity.Nuget.Mono-Cecil.csproj", "{02dbcf68-bfe7-ec0f-5026-3c91f52f2407}"
EndProject
Project("{FAE04EC0-301F-11D3-BF4B-00C04F79EFBC}") = "Unity.Collections.BurstCompatibilityGen", "Unity.Collections.BurstCompatibilityGen.csproj", "{e14524f6-cafb-9c47-cf11-9e039e4f1a9c}"
EndProject
Global
	GlobalSection(SolutionConfigurationPlatforms) = preSolution
		Debug|Any CPU = Debug|Any CPU
	EndGlobalSection
	GlobalSection(ProjectConfigurationPlatforms) = postSolution
		{e20ce005-3ae2-4a8d-e1e3-7909aaa9ee4c}.Debug|Any CPU.ActiveCfg = Debug|Any CPU
		{e20ce005-3ae2-4a8d-e1e3-7909aaa9ee4c}.Debug|Any CPU.Build.0 = Debug|Any CPU
		{010fe756-ae0e-c7ce-0505-0c43968a81e6}.Debug|Any CPU.ActiveCfg = Debug|Any CPU
		{010fe756-ae0e-c7ce-0505-0c43968a81e6}.Debug|Any CPU.Build.0 = Debug|Any CPU
		{cdcd5027-3d7e-7a0c-747c-fdeddb436b12}.Debug|Any CPU.ActiveCfg = Debug|Any CPU
		{cdcd5027-3d7e-7a0c-747c-fdeddb436b12}.Debug|Any CPU.Build.0 = Debug|Any CPU
		{8ce7269f-1926-6999-65f3-d82b89af24e6}.Debug|Any CPU.ActiveCfg = Debug|Any CPU
		{8ce7269f-1926-6999-65f3-d82b89af24e6}.Debug|Any CPU.Build.0 = Debug|Any CPU
		{abe09a86-33b5-79ee-da8b-58a742d024ca}.Debug|Any CPU.ActiveCfg = Debug|Any CPU
		{abe09a86-33b5-79ee-da8b-58a742d024ca}.Debug|Any CPU.Build.0 = Debug|Any CPU
		{51ac7ff3-935d-d317-af5b-8977c20fa1be}.Debug|Any CPU.ActiveCfg = Debug|Any CPU
		{51ac7ff3-935d-d317-af5b-8977c20fa1be}.Debug|Any CPU.Build.0 = Debug|Any CPU
		{f40d6d7e-3c07-5386-6ba7-cde49ebe661c}.Debug|Any CPU.ActiveCfg = Debug|Any CPU
		{f40d6d7e-3c07-5386-6ba7-cde49ebe661c}.Debug|Any CPU.Build.0 = Debug|Any CPU
		{d8e1cfa3-9a32-5b6b-e269-9c947d29f98b}.Debug|Any CPU.ActiveCfg = Debug|Any CPU
		{d8e1cfa3-9a32-5b6b-e269-9c947d29f98b}.Debug|Any CPU.Build.0 = Debug|Any CPU
		{2e97bb94-6cc4-2262-fcca-fd7068c3d3f9}.Debug|Any CPU.ActiveCfg = Debug|Any CPU
		{2e97bb94-6cc4-2262-fcca-fd7068c3d3f9}.Debug|Any CPU.Build.0 = Debug|Any CPU
		{047da358-10e0-3a1c-902d-303a242b4e32}.Debug|Any CPU.ActiveCfg = Debug|Any CPU
		{047da358-10e0-3a1c-902d-303a242b4e32}.Debug|Any CPU.Build.0 = Debug|Any CPU
		{297e647a-713c-524f-99f8-a7a07d342c3f}.Debug|Any CPU.ActiveCfg = Debug|Any CPU
		{297e647a-713c-524f-99f8-a7a07d342c3f}.Debug|Any CPU.Build.0 = Debug|Any CPU
		{e0140633-1586-7239-7040-892580653533}.Debug|Any CPU.ActiveCfg = Debug|Any CPU
		{e0140633-1586-7239-7040-892580653533}.Debug|Any CPU.Build.0 = Debug|Any CPU
		{1e7cdaa0-360d-605d-1ed3-2269109d309b}.Debug|Any CPU.ActiveCfg = Debug|Any CPU
		{1e7cdaa0-360d-605d-1ed3-2269109d309b}.Debug|Any CPU.Build.0 = Debug|Any CPU
		{8be4a323-85ae-763c-8d6d-15d8eaa90d01}.Debug|Any CPU.ActiveCfg = Debug|Any CPU
		{8be4a323-85ae-763c-8d6d-15d8eaa90d01}.Debug|Any CPU.Build.0 = Debug|Any CPU
		{879a3d54-5e93-58d5-c338-223c8687feca}.Debug|Any CPU.ActiveCfg = Debug|Any CPU
		{879a3d54-5e93-58d5-c338-223c8687feca}.Debug|Any CPU.Build.0 = Debug|Any CPU
		{06dfb1ae-0269-baaa-93e0-0d79a510bfa2}.Debug|Any CPU.ActiveCfg = Debug|Any CPU
		{06dfb1ae-0269-baaa-93e0-0d79a510bfa2}.Debug|Any CPU.Build.0 = Debug|Any CPU
		{978467c4-2e61-31b6-9a9e-16d161a7b062}.Debug|Any CPU.ActiveCfg = Debug|Any CPU
		{978467c4-2e61-31b6-9a9e-16d161a7b062}.Debug|Any CPU.Build.0 = Debug|Any CPU
		{ecd373fe-efad-71b0-5445-e93c0f57d262}.Debug|Any CPU.ActiveCfg = Debug|Any CPU
		{ecd373fe-efad-71b0-5445-e93c0f57d262}.Debug|Any CPU.Build.0 = Debug|Any CPU
		{daa793b6-6b78-b3a0-2cfe-fbe599ad7dff}.Debug|Any CPU.ActiveCfg = Debug|Any CPU
		{daa793b6-6b78-b3a0-2cfe-fbe599ad7dff}.Debug|Any CPU.Build.0 = Debug|Any CPU
		{7d6573cd-57e7-96f8-eb10-67efbf76199f}.Debug|Any CPU.ActiveCfg = Debug|Any CPU
		{7d6573cd-57e7-96f8-eb10-67efbf76199f}.Debug|Any CPU.Build.0 = Debug|Any CPU
		{54d982cf-5a1a-dee3-3ed0-beb3662707f2}.Debug|Any CPU.ActiveCfg = Debug|Any CPU
		{54d982cf-5a1a-dee3-3ed0-beb3662707f2}.Debug|Any CPU.Build.0 = Debug|Any CPU
		{8396c610-8c22-fb4f-47c5-309afb72611f}.Debug|Any CPU.ActiveCfg = Debug|Any CPU
		{8396c610-8c22-fb4f-47c5-309afb72611f}.Debug|Any CPU.Build.0 = Debug|Any CPU
		{a5b5aff5-c8f3-9f39-0fe2-f210bfabc7b8}.Debug|Any CPU.ActiveCfg = Debug|Any CPU
		{a5b5aff5-c8f3-9f39-0fe2-f210bfabc7b8}.Debug|Any CPU.Build.0 = Debug|Any CPU
		{2fc584a1-4660-74b3-c409-5674df2cc073}.Debug|Any CPU.ActiveCfg = Debug|Any CPU
		{2fc584a1-4660-74b3-c409-5674df2cc073}.Debug|Any CPU.Build.0 = Debug|Any CPU
		{54fc49c8-c2a0-d8c9-9388-e4636a1d13ee}.Debug|Any CPU.ActiveCfg = Debug|Any CPU
		{54fc49c8-c2a0-d8c9-9388-e4636a1d13ee}.Debug|Any CPU.Build.0 = Debug|Any CPU
		{3d160492-e457-7bf5-3397-04667143f49a}.Debug|Any CPU.ActiveCfg = Debug|Any CPU
		{3d160492-e457-7bf5-3397-04667143f49a}.Debug|Any CPU.Build.0 = Debug|Any CPU
		{c12eef37-91e1-3919-0d30-81b65710f18b}.Debug|Any CPU.ActiveCfg = Debug|Any CPU
		{c12eef37-91e1-3919-0d30-81b65710f18b}.Debug|Any CPU.Build.0 = Debug|Any CPU
		{087cbe57-ef1e-79dd-1edb-9e210989b880}.Debug|Any CPU.ActiveCfg = Debug|Any CPU
		{087cbe57-ef1e-79dd-1edb-9e210989b880}.Debug|Any CPU.Build.0 = Debug|Any CPU
		{052b0d63-2d9b-bf05-f28c-e74d6fbb6f35}.Debug|Any CPU.ActiveCfg = Debug|Any CPU
		{052b0d63-2d9b-bf05-f28c-e74d6fbb6f35}.Debug|Any CPU.Build.0 = Debug|Any CPU
		{edc35afe-beac-343b-7a67-75f720a63e10}.Debug|Any CPU.ActiveCfg = Debug|Any CPU
		{edc35afe-beac-343b-7a67-75f720a63e10}.Debug|Any CPU.Build.0 = Debug|Any CPU
		{7144ea14-c765-4836-1dc3-610aba956ef1}.Debug|Any CPU.ActiveCfg = Debug|Any CPU
		{7144ea14-c765-4836-1dc3-610aba956ef1}.Debug|Any CPU.Build.0 = Debug|Any CPU
		{d6b97d2e-fb4a-00b4-4ddf-0e0764f833b4}.Debug|Any CPU.ActiveCfg = Debug|Any CPU
		{d6b97d2e-fb4a-00b4-4ddf-0e0764f833b4}.Debug|Any CPU.Build.0 = Debug|Any CPU
		{5f6dc1e4-e6dd-ce17-3f56-7a0372218dc0}.Debug|Any CPU.ActiveCfg = Debug|Any CPU
		{5f6dc1e4-e6dd-ce17-3f56-7a0372218dc0}.Debug|Any CPU.Build.0 = Debug|Any CPU
		{84b61be0-1f72-8e43-6b48-5d24ac6e3ec7}.Debug|Any CPU.ActiveCfg = Debug|Any CPU
		{84b61be0-1f72-8e43-6b48-5d24ac6e3ec7}.Debug|Any CPU.Build.0 = Debug|Any CPU
		{345ebd29-45d9-2250-204d-613c0bbf84de}.Debug|Any CPU.ActiveCfg = Debug|Any CPU
		{345ebd29-45d9-2250-204d-613c0bbf84de}.Debug|Any CPU.Build.0 = Debug|Any CPU
		{bc102737-9998-bcc4-660f-32e2406995fe}.Debug|Any CPU.ActiveCfg = Debug|Any CPU
		{bc102737-9998-bcc4-660f-32e2406995fe}.Debug|Any CPU.Build.0 = Debug|Any CPU
		{cf302ae4-5b96-7975-71f2-c23a5deddc0d}.Debug|Any CPU.ActiveCfg = Debug|Any CPU
		{cf302ae4-5b96-7975-71f2-c23a5deddc0d}.Debug|Any CPU.Build.0 = Debug|Any CPU
		{80a6ee26-b00d-df26-f6b0-ae868a342744}.Debug|Any CPU.ActiveCfg = Debug|Any CPU
		{80a6ee26-b00d-df26-f6b0-ae868a342744}.Debug|Any CPU.Build.0 = Debug|Any CPU
		{843be038-27f9-33dd-00ae-c0adc39f0a6c}.Debug|Any CPU.ActiveCfg = Debug|Any CPU
		{843be038-27f9-33dd-00ae-c0adc39f0a6c}.Debug|Any CPU.Build.0 = Debug|Any CPU
		{02dbcf68-bfe7-ec0f-5026-3c91f52f2407}.Debug|Any CPU.ActiveCfg = Debug|Any CPU
		{02dbcf68-bfe7-ec0f-5026-3c91f52f2407}.Debug|Any CPU.Build.0 = Debug|Any CPU
		{e14524f6-cafb-9c47-cf11-9e039e4f1a9c}.Debug|Any CPU.ActiveCfg = Debug|Any CPU
		{e14524f6-cafb-9c47-cf11-9e039e4f1a9c}.Debug|Any CPU.Build.0 = Debug|Any CPU
	EndGlobalSection
	GlobalSection(SolutionProperties) = preSolution
		HideSolutionNode = FALSE
	EndGlobalSection
EndGlobal
